
Microsoft Visual Studio Solution File, Format Version 12.00
# Visual Studio 15
Project("{FAE04EC0-301F-11D3-BF4B-00C04F79EFBC}") = "GrundlProgrammering", "GrundlProgrammering\GrundlProgrammering.csproj", "{A64E4B40-6F2A-4C1B-B981-F3F7B24552D0}"
EndProject
Project("{FAE04EC0-301F-11D3-BF4B-00C04F79EFBC}") = "Cond", "Cond\Cond.csproj", "{9C56A4FE-A6F2-44BC-B7A7-05E5C953148F}"
EndProject
Project("{FAE04EC0-301F-11D3-BF4B-00C04F79EFBC}") = "Loop", "Loop\Loop.csproj", "{CD1FC437-34D5-448E-8394-6500EAB2EB9C}"
EndProject
Project("{FAE04EC0-301F-11D3-BF4B-00C04F79EFBC}") = "Strings", "Strings\Strings.csproj", "{78A16C1B-DF6D-40E4-A89B-95DA1A63D6EE}"
EndProject
Project("{FAE04EC0-301F-11D3-BF4B-00C04F79EFBC}") = "Dice", "Dice\Dice.csproj", "{127B6FA5-289D-4B2F-B078-F978072D0E15}"
EndProject
Global
	GlobalSection(SolutionConfigurationPlatforms) = preSolution
		Debug|Any CPU = Debug|Any CPU
		Release|Any CPU = Release|Any CPU
	EndGlobalSection
	GlobalSection(ProjectConfigurationPlatforms) = postSolution
		{A64E4B40-6F2A-4C1B-B981-F3F7B24552D0}.Debug|Any CPU.ActiveCfg = Debug|Any CPU
		{A64E4B40-6F2A-4C1B-B981-F3F7B24552D0}.Debug|Any CPU.Build.0 = Debug|Any CPU
		{A64E4B40-6F2A-4C1B-B981-F3F7B24552D0}.Release|Any CPU.ActiveCfg = Release|Any CPU
		{A64E4B40-6F2A-4C1B-B981-F3F7B24552D0}.Release|Any CPU.Build.0 = Release|Any CPU
		{9C56A4FE-A6F2-44BC-B7A7-05E5C953148F}.Debug|Any CPU.ActiveCfg = Debug|Any CPU
		{9C56A4FE-A6F2-44BC-B7A7-05E5C953148F}.Debug|Any CPU.Build.0 = Debug|Any CPU
		{9C56A4FE-A6F2-44BC-B7A7-05E5C953148F}.Release|Any CPU.ActiveCfg = Release|Any CPU
		{9C56A4FE-A6F2-44BC-B7A7-05E5C953148F}.Release|Any CPU.Build.0 = Release|Any CPU
		{CD1FC437-34D5-448E-8394-6500EAB2EB9C}.Debug|Any CPU.ActiveCfg = Debug|Any CPU
		{CD1FC437-34D5-448E-8394-6500EAB2EB9C}.Debug|Any CPU.Build.0 = Debug|Any CPU
		{CD1FC437-34D5-448E-8394-6500EAB2EB9C}.Release|Any CPU.ActiveCfg = Release|Any CPU
		{CD1FC437-34D5-448E-8394-6500EAB2EB9C}.Release|Any CPU.Build.0 = Release|Any CPU
		{78A16C1B-DF6D-40E4-A89B-95DA1A63D6EE}.Debug|Any CPU.ActiveCfg = Debug|Any CPU
		{78A16C1B-DF6D-40E4-A89B-95DA1A63D6EE}.Debug|Any CPU.Build.0 = Debug|Any CPU
		{78A16C1B-DF6D-40E4-A89B-95DA1A63D6EE}.Release|Any CPU.ActiveCfg = Release|Any CPU
		{78A16C1B-DF6D-40E4-A89B-95DA1A63D6EE}.Release|Any CPU.Build.0 = Release|Any CPU
		{127B6FA5-289D-4B2F-B078-F978072D0E15}.Debug|Any CPU.ActiveCfg = Debug|Any CPU
		{127B6FA5-289D-4B2F-B078-F978072D0E15}.Debug|Any CPU.Build.0 = Debug|Any CPU
		{127B6FA5-289D-4B2F-B078-F978072D0E15}.Release|Any CPU.ActiveCfg = Release|Any CPU
		{127B6FA5-289D-4B2F-B078-F978072D0E15}.Release|Any CPU.Build.0 = Release|Any CPU
	EndGlobalSection
EndGlobal
